{
  "nodes": {
    "btop-src": {
      "flake": false,
      "locked": {
        "lastModified": 1782995410,
        "narHash": "sha256-0wZzlCfiWZB//qQTLV+4GLO23amddQrYkvVRSXjlf80=",
        "owner": "aristocratos",
        "repo": "btop",
        "rev": "9527231dfbcbe697f8eb80849e267377194e6ca8",
        "type": "github"
      },
      "original": {
        "owner": "aristocratos",
        "repo": "btop",
        "type": "github"
      }
    },
    "clippy-src": {
      "flake": false,
      "locked": {
        "lastModified": 1779864937,
        "narHash": "sha256-12B5ImXg/JDzNHXha2RoVTNmuXdWmLx71TAmqa/aTCo=",
        "owner": "rust-lang",
        "repo": "rust-clippy",
        "rev": "512551c839fc711fc925c8a862a9abd4bde0812f",
        "type": "github"
      },
      "original": {
        "owner": "rust-lang",
        "repo": "rust-clippy",
        "rev": "512551c839fc711fc925c8a862a9abd4bde0812f",
        "type": "github"
      }
    },
    "codex-src": {
      "flake": false,
      "locked": {
        "lastModified": 1783646935,
        "narHash": "sha256-3T9DJZJymasf59Fa6nMFOdjLgEMRakXwbm/DMmmtkJM=",
        "owner": "openai",
        "repo": "codex",
        "rev": "1f0566d3f59298d1bb88820a0d35294f1eeb07ea",
        "type": "github"
      },
      "original": {
        "owner": "openai",
        "repo": "codex",
        "rev": "1f0566d3f59298d1bb88820a0d35294f1eeb07ea",
        "type": "github"
      }
    },
    "crane": {
      "locked": {
        "lastModified": 1769737823,
        "narHash": "sha256-DrBaNpZ+sJ4stXm+0nBX7zqZT9t9P22zbk6m5YhQxS4=",
        "owner": "ipetkov",
        "repo": "crane",
        "rev": "b2f45c3830aa96b7456a4c4bc327d04d7a43e1ba",
        "type": "github"
      },
      "original": {
        "owner": "ipetkov",
        "repo": "crane",
        "type": "github"
      }
    },
    "drgn-src": {
      "flake": false,
      "locked": {
        "lastModified": 1777486813,
        "narHash": "sha256-RyMWHiNfpJ6gAefXVB5cQKbtXQzBEJ+0syPsry2me1I=",
        "ref": "refs/tags/v0.2.0",
        "rev": "818b5a7e8a4db82a1e0326667e7afaec5bf5fd19",
        "revCount": 3016,
        "submodules": true,
        "type": "git",
        "url": "https://github.com/osandov/drgn"
      },
      "original": {
        "ref": "refs/tags/v0.2.0",
        "submodules": true,
        "type": "git",
        "url": "https://github.com/osandov/drgn"
      }
    },
    "examples": {
      "flake": false,
      "locked": {
        "path": "./examples",
        "type": "path"
      },
      "original": {
        "path": "./examples",
        "type": "path"
      },
      "parent": []
    },
    "fff-src": {
      "flake": false,
      "locked": {
        "lastModified": 1780561592,
        "narHash": "sha256-6ZmEeN/Ued9FZo/qfUb8/0L02F+8ECV0smAiQvIqyzU=",
        "owner": "dmtrKovalenko",
        "repo": "fff",
        "rev": "1e055f9d7b94f33a7f393ac95e779bed72650d56",
        "type": "github"
      },
      "original": {
        "owner": "dmtrKovalenko",
        "ref": "v0.9.1",
        "repo": "fff",
        "type": "github"
      }
    },
    "flake-parts": {
      "inputs": {
        "nixpkgs-lib": [
          "hermes-agent",
          "nixpkgs"
        ]
      },
      "locked": {
        "lastModified": 1772408722,
        "narHash": "sha256-rHuJtdcOjK7rAHpHphUb1iCvgkU3GpfvicLMwwnfMT0=",
        "owner": "hercules-ci",
        "repo": "flake-parts",
        "rev": "f20dc5d9b8027381c474144ecabc9034d6a839a3",
        "type": "github"
      },
      "original": {
        "owner": "hercules-ci",
        "repo": "flake-parts",
        "type": "github"
      }
    },
    "flake-parts_2": {
      "inputs": {
        "nixpkgs-lib": "nixpkgs-lib"
      },
      "locked": {
        "lastModified": 1769996383,
        "narHash": "sha256-AnYjnFWgS49RlqX7LrC4uA+sCCDBj0Ry/WOJ5XWAsa0=",
        "owner": "hercules-ci",
        "repo": "flake-parts",
        "rev": "57928607ea566b5db3ad13af0e57e921e6b12381",
        "type": "github"
      },
      "original": {
        "owner": "hercules-ci",
        "repo": "flake-parts",
        "type": "github"
      }
    },
    "ghostty": {
      "flake": false,
      "locked": {
        "lastModified": 1774297202,
        "narHash": "sha256-zJwCCkqH/4TNwzxidiCLmj9hhkTiUMvQoIKFgGNPuHM=",
        "owner": "ghostty-org",
        "repo": "ghostty",
        "rev": "fd49716ea2084108aa098db390931c007495a1ab",
        "type": "github"
      },
      "original": {
        "owner": "ghostty-org",
        "repo": "ghostty",
        "rev": "fd49716ea2084108aa098db390931c007495a1ab",
        "type": "github"
      }
    },
    "git-src": {
      "flake": false,
      "locked": {
        "lastModified": 1776650499,
        "narHash": "sha256-bA144ECODQIly1q0xilmTMYrHmvBrMF5DfBsEMd4YyY=",
        "owner": "git",
        "repo": "git",
        "rev": "94f057755b7941b321fd11fec1b2e3ca5313a4e0",
        "type": "github"
      },
      "original": {
        "owner": "git",
        "repo": "git",
        "rev": "94f057755b7941b321fd11fec1b2e3ca5313a4e0",
        "type": "github"
      }
    },
    "hermes-agent": {
      "inputs": {
        "flake-parts": "flake-parts",
        "nixpkgs": [
          "nixpkgs"
        ],
        "npm-lockfile-fix": "npm-lockfile-fix",
        "pyproject-build-systems": "pyproject-build-systems",
        "pyproject-nix": "pyproject-nix_2",
        "uv2nix": "uv2nix_2"
      },
      "locked": {
        "lastModified": 1778925537,
        "narHash": "sha256-d9qhrTy45Q5UsmjapqMHOVi9e+gR9zE8Nq9Z0wObLmc=",
        "owner": "NousResearch",
        "repo": "hermes-agent",
        "rev": "a91a57fa5a13d516c38b07a141a9ce8a3daabeb0",
        "type": "github"
      },
      "original": {
        "owner": "NousResearch",
        "ref": "v2026.5.16",
        "repo": "hermes-agent",
        "type": "github"
      }
    },
    "home-manager": {
      "inputs": {
        "nixpkgs": [
          "nixpkgs"
        ]
      },
      "locked": {
        "lastModified": 1783550008,
        "narHash": "sha256-qbbZUk9IG9dLNwCPwdPBs6I5clxwugRpP+1YU+GPK20=",
        "owner": "nix-community",
        "repo": "home-manager",
        "rev": "f4d01c1d87c7c2ec909549165d5a8338f1bd3315",
        "type": "github"
      },
      "original": {
        "owner": "nix-community",
        "repo": "home-manager",
        "type": "github"
      }
    },
    "launchk-src": {
      "flake": false,
      "locked": {
        "lastModified": 1749324662,
        "narHash": "sha256-yZZGCPul1Q8KBgFIG9qkevnOxqnRbK8sqIu5OUPPTFQ=",
        "owner": "mach-kernel",
        "repo": "launchk",
        "rev": "6f5f09e0dfa3fea662e859de5d7d49ac09a9dbe6",
        "type": "github"
      },
      "original": {
        "owner": "mach-kernel",
        "repo": "launchk",
        "rev": "6f5f09e0dfa3fea662e859de5d7d49ac09a9dbe6",
        "type": "github"
      }
    },
    "mesa-src": {
      "flake": false,
      "locked": {
        "lastModified": 1780475834,
        "narHash": "sha256-IkfRd98uHODgnISpaxnEZi83IPis62cacJEierMiAvU=",
        "ref": "refs/tags/mesa-26.1.2",
        "rev": "b3d356db66d92ff99ad5b3274569761290232899",
        "shallow": true,
        "type": "git",
        "url": "https://gitlab.freedesktop.org/mesa/mesa"
      },
      "original": {
        "ref": "refs/tags/mesa-26.1.2",
        "shallow": true,
        "type": "git",
        "url": "https://gitlab.freedesktop.org/mesa/mesa"
      }
    },
    "nix-derivation-src": {
      "flake": false,
      "locked": {
        "lastModified": 1754435816,
        "narHash": "sha256-Yv65p5fvCCDj3iSSmCV0OO2n/mNGvVeYpemKRySiERw=",
        "owner": "Gabriella439",
        "repo": "Haskell-Nix-Derivation-Library",
        "rev": "f1f5d5a2270b5ee23dfad40fee385cf4e94d6cea",
        "type": "github"
      },
      "original": {
        "owner": "Gabriella439",
        "repo": "Haskell-Nix-Derivation-Library",
        "rev": "f1f5d5a2270b5ee23dfad40fee385cf4e94d6cea",
        "type": "github"
      }
    },
    "nix-fast-build-src": {
      "flake": false,
      "locked": {
        "lastModified": 1781073171,
        "narHash": "sha256-PMBbenLBvn/0pSFOhwPVn171Vw7kU5YmBUNDhxllZ7c=",
        "owner": "Mic92",
        "repo": "nix-fast-build",
        "rev": "a28921953d962c6c2527108a6be4062eb6dc2f51",
        "type": "github"
      },
      "original": {
        "owner": "Mic92",
        "repo": "nix-fast-build",
        "rev": "a28921953d962c6c2527108a6be4062eb6dc2f51",
        "type": "github"
      }
    },
    "nix-src": {
      "flake": false,
      "locked": {
        "lastModified": 1777915353,
        "narHash": "sha256-uj5KNW8Vdm60FCUxD2KsrCVH/WwoemvczWmmrb3Gvlo=",
        "owner": "NixOS",
        "repo": "nix",
        "rev": "2c6d06e9387cf58167cb5a7ab91cee7333d8d17c",
        "type": "github"
      },
      "original": {
        "owner": "NixOS",
        "repo": "nix",
        "rev": "2c6d06e9387cf58167cb5a7ab91cee7333d8d17c",
        "type": "github"
      }
    },
    "nixpkgs": {
      "locked": {
        "lastModified": 1783224372,
        "narHash": "sha256-8i/87eeoqiGE4yOTjwSA3Eh/ziJRQEmd/unYU+K27sk=",
        "owner": "NixOS",
        "repo": "nixpkgs",
        "rev": "d407951447dcd00442e97087bf374aad70c04cea",
        "type": "github"
      },
      "original": {
        "owner": "NixOS",
        "ref": "nixos-unstable",
        "repo": "nixpkgs",
        "type": "github"
      }
    },
    "nixpkgs-lib": {
      "locked": {
        "lastModified": 1769909678,
        "narHash": "sha256-cBEymOf4/o3FD5AZnzC3J9hLbiZ+QDT/KDuyHXVJOpM=",
        "owner": "nix-community",
        "repo": "nixpkgs.lib",
        "rev": "72716169fe93074c333e8d0173151350670b824c",
        "type": "github"
      },
      "original": {
        "owner": "nix-community",
        "repo": "nixpkgs.lib",
        "type": "github"
      }
    },
    "nixpkgs_2": {
      "locked": {
        "lastModified": 1769789167,
        "narHash": "sha256-kKB3bqYJU5nzYeIROI82Ef9VtTbu4uA3YydSk/Bioa8=",
        "owner": "NixOS",
        "repo": "nixpkgs",
        "rev": "62c8382960464ceb98ea593cb8321a2cf8f9e3e5",
        "type": "github"
      },
      "original": {
        "owner": "NixOS",
        "ref": "nixos-unstable",
        "repo": "nixpkgs",
        "type": "github"
      }
    },
    "npm-lockfile-fix": {
      "inputs": {
        "nixpkgs": [
          "hermes-agent",
          "nixpkgs"
        ]
      },
      "locked": {
        "lastModified": 1775903712,
        "narHash": "sha256-2GV79U6iVH4gKAPWYrxUReB0S41ty/Y3dBLquU8AlaA=",
        "owner": "jeslie0",
        "repo": "npm-lockfile-fix",
        "rev": "c6093acb0c0548e0f9b8b3d82918823721930fe8",
        "type": "github"
      },
      "original": {
        "owner": "jeslie0",
        "repo": "npm-lockfile-fix",
        "type": "github"
      }
    },
    "nu-jupyter-kernel-src": {
      "flake": false,
      "locked": {
        "lastModified": 1774877791,
        "narHash": "sha256-hBMmIJYRUs5fDPLYxVhfpiQHShZV4uj/o+DRuQsCIjk=",
        "owner": "cptpiepmatz",
        "repo": "nu-jupyter-kernel",
        "rev": "016d5089d9b0c66beb95311e339e252c8b9dd4e4",
        "type": "github"
      },
      "original": {
        "owner": "cptpiepmatz",
        "repo": "nu-jupyter-kernel",
        "rev": "016d5089d9b0c66beb95311e339e252c8b9dd4e4",
        "type": "github"
      }
    },
    "nushell-src": {
      "flake": false,
      "locked": {
        "lastModified": 1783696074,
        "narHash": "sha256-ADcCuRA8218b0QDo9FxKQslJwLGcQMiA2x5pSZ6RpHo=",
        "owner": "nushell",
        "repo": "nushell",
        "rev": "e8424fe6af516a78cc5fb833f8e91dcda9678148",
        "type": "github"
      },
      "original": {
        "owner": "nushell",
        "repo": "nushell",
        "type": "github"
      }
    },
    "perftest-src": {
      "flake": false,
      "locked": {
        "lastModified": 1780225113,
        "narHash": "sha256-oNvzQubmslZ4JUNww/wvWd54JDsDLamCDlorHWlNtaY=",
        "ref": "refs/tags/26.04.17",
        "rev": "720b61082454e189b1f21835ec175536a944afc3",
        "revCount": 1432,
        "type": "git",
        "url": "https://github.com/linux-rdma/perftest"
      },
      "original": {
        "ref": "refs/tags/26.04.17",
        "type": "git",
        "url": "https://github.com/linux-rdma/perftest"
      }
    },
    "pg-uint128-src": {
      "flake": false,
      "locked": {
        "lastModified": 1762189440,
        "narHash": "sha256-D2eTxzVZCQk9Cz4bhSmKu9hfL8r1RwkjS8ajadKb5sY=",
        "owner": "pg-uint",
        "repo": "pg-uint128",
        "rev": "db7a79a0f5ccd3d59404d6b9510e01f0876699ea",
        "type": "github"
      },
      "original": {
        "owner": "pg-uint",
        "ref": "1.2.0",
        "repo": "pg-uint128",
        "type": "github"
      }
    },
    "pyproject-build-systems": {
      "inputs": {
        "nixpkgs": [
          "hermes-agent",
          "nixpkgs"
        ],
        "pyproject-nix": "pyproject-nix",
        "uv2nix": "uv2nix"
      },
      "locked": {
        "lastModified": 1772555609,
        "narHash": "sha256-3BA3HnUvJSbHJAlJj6XSy0Jmu7RyP2gyB/0fL7XuEDo=",
        "owner": "pyproject-nix",
        "repo": "build-system-pkgs",
        "rev": "c37f66a953535c394244888598947679af231863",
        "type": "github"
      },
      "original": {
        "owner": "pyproject-nix",
        "repo": "build-system-pkgs",
        "type": "github"
      }
    },
    "pyproject-nix": {
      "inputs": {
        "nixpkgs": [
          "hermes-agent",
          "pyproject-build-systems",
          "nixpkgs"
        ]
      },
      "locked": {
        "lastModified": 1769936401,
        "narHash": "sha256-kwCOegKLZJM9v/e/7cqwg1p/YjjTAukKPqmxKnAZRgA=",
        "owner": "nix-community",
        "repo": "pyproject.nix",
        "rev": "b0d513eeeebed6d45b4f2e874f9afba2021f7812",
        "type": "github"
      },
      "original": {
        "owner": "nix-community",
        "repo": "pyproject.nix",
        "type": "github"
      }
    },
    "pyproject-nix_2": {
      "inputs": {
        "nixpkgs": [
          "hermes-agent",
          "nixpkgs"
        ]
      },
      "locked": {
        "lastModified": 1772865871,
        "narHash": "sha256-/ZTSg97aouL0SlPHaokA4r3iuH9QzHVuWPACD2CUCFY=",
        "owner": "pyproject-nix",
        "repo": "pyproject.nix",
        "rev": "e537db02e72d553cea470976b9733581bcf5b3ed",
        "type": "github"
      },
      "original": {
        "owner": "pyproject-nix",
        "repo": "pyproject.nix",
        "type": "github"
      }
    },
    "pyproject-nix_3": {
      "inputs": {
        "nixpkgs": [
          "hermes-agent",
          "uv2nix",
          "nixpkgs"
        ]
      },
      "locked": {
        "lastModified": 1771518446,
        "narHash": "sha256-nFJSfD89vWTu92KyuJWDoTQJuoDuddkJV3TlOl1cOic=",
        "owner": "pyproject-nix",
        "repo": "pyproject.nix",
        "rev": "eb204c6b3335698dec6c7fc1da0ebc3c6df05937",
        "type": "github"
      },
      "original": {
        "owner": "pyproject-nix",
        "repo": "pyproject.nix",
        "type": "github"
      }
    },
    "rnix-0-12-src": {
      "flake": false,
      "locked": {
        "lastModified": 1736460466,
        "narHash": "sha256-8f+9yVuEmisbrOe8EowzbUv9rrRZjr9VcPxKB/7DvXc=",
        "owner": "nix-community",
        "repo": "rnix-parser",
        "rev": "d521c438acfa9383646f9c4af9d10bbb02df0f78",
        "type": "github"
      },
      "original": {
        "owner": "nix-community",
        "repo": "rnix-parser",
        "rev": "d521c438acfa9383646f9c4af9d10bbb02df0f78",
        "type": "github"
      }
    },
    "rnix-0-14-src": {
      "flake": false,
      "locked": {
        "lastModified": 1771267694,
        "narHash": "sha256-TMrPz2WKTgypDKkjZnB1YPcYx/IT7EZcixFGrbOAm6A=",
        "owner": "nix-community",
        "repo": "rnix-parser",
        "rev": "0472081214c24b1ab4d34f7bf544284ed4e45ad3",
        "type": "github"
      },
      "original": {
        "owner": "nix-community",
        "repo": "rnix-parser",
        "rev": "0472081214c24b1ab4d34f7bf544284ed4e45ad3",
        "type": "github"
      }
    },
    "root": {
      "inputs": {
        "btop-src": "btop-src",
        "clippy-src": "clippy-src",
        "codex-src": "codex-src",
        "drgn-src": "drgn-src",
        "examples": "examples",
        "fff-src": "fff-src",
        "ghostty": "ghostty",
        "git-src": "git-src",
        "hermes-agent": "hermes-agent",
        "home-manager": "home-manager",
        "launchk-src": "launchk-src",
        "mesa-src": "mesa-src",
        "nix-derivation-src": "nix-derivation-src",
        "nix-fast-build-src": "nix-fast-build-src",
        "nix-src": "nix-src",
        "nixpkgs": "nixpkgs",
        "nu-jupyter-kernel-src": "nu-jupyter-kernel-src",
        "nushell-src": "nushell-src",
        "perftest-src": "perftest-src",
        "pg-uint128-src": "pg-uint128-src",
        "rnix-0-12-src": "rnix-0-12-src",
        "rnix-0-14-src": "rnix-0-14-src",
        "rust-overlay": "rust-overlay",
        "sdk-prebuilt-nixpkgs": "sdk-prebuilt-nixpkgs",
        "sdk-prebuilt-rust-overlay": "sdk-prebuilt-rust-overlay",
        "site": "site",
        "skills": "skills",
        "snix-src": "snix-src",
        "tests": "tests",
        "zed-src": "zed-src",
        "zed-upstream": "zed-upstream"
      }
    },
    "rust-overlay": {
      "inputs": {
        "nixpkgs": [
          "nixpkgs"
        ]
      },
      "locked": {
        "lastModified": 1783614422,
        "narHash": "sha256-zSX553aXiIKJHWzUF6nrDKgeNRlfNK/SdyNYSbs2nkM=",
        "owner": "oxalica",
        "repo": "rust-overlay",
        "rev": "e8e9d70b96113fd49ccde6c3e08fb260b6ef5dd6",
        "type": "github"
      },
      "original": {
        "owner": "oxalica",
        "repo": "rust-overlay",
        "type": "github"
      }
    },
    "rust-overlay_2": {
      "inputs": {
        "nixpkgs": [
          "zed-src",
          "nixpkgs"
        ]
      },
      "locked": {
        "lastModified": 1777346187,
        "narHash": "sha256-oVxyGjpiIsrXhWTJVUOs38fZQkLjd0nZGOY9K7Kfot8=",
        "owner": "oxalica",
        "repo": "rust-overlay",
        "rev": "146e7bf7569b8288f24d41d806b9f584f7cfd5b5",
        "type": "github"
      },
      "original": {
        "owner": "oxalica",
        "repo": "rust-overlay",
        "type": "github"
      }
    },
    "sdk-prebuilt-nixpkgs": {
      "flake": false,
      "locked": {
        "lastModified": 1780749050,
        "narHash": "sha256-3av0pIjlOWQ6rDbNOmpUSvbNnJkGORQKKjb4LtCZsIY=",
        "owner": "NixOS",
        "repo": "nixpkgs",
        "rev": "a799d3e3886da994fa307f817a6bc705ae538eeb",
        "type": "github"
      },
      "original": {
        "owner": "NixOS",
        "repo": "nixpkgs",
        "rev": "a799d3e3886da994fa307f817a6bc705ae538eeb",
        "type": "github"
      }
    },
    "sdk-prebuilt-rust-overlay": {
      "flake": false,
      "locked": {
        "lastModified": 1781147846,
        "narHash": "sha256-hBdiQYd40xRtBWBiXHUxuQYWmJBiK19YO1FiYgrmEo0=",
        "owner": "oxalica",
        "repo": "rust-overlay",
        "rev": "107c334f141854f563f8adf1db781dc453d92639",
        "type": "github"
      },
      "original": {
        "owner": "oxalica",
        "repo": "rust-overlay",
        "rev": "107c334f141854f563f8adf1db781dc453d92639",
        "type": "github"
      }
    },
    "site": {
      "flake": false,
      "locked": {
        "path": "./packages/site",
        "type": "path"
      },
      "original": {
        "path": "./packages/site",
        "type": "path"
      },
      "parent": []
    },
    "skills": {
      "flake": false,
      "locked": {
        "path": "./packages/agent/skills",
        "type": "path"
      },
      "original": {
        "path": "./packages/agent/skills",
        "type": "path"
      },
      "parent": []
    },
    "snix-src": {
      "flake": false,
      "locked": {
        "lastModified": 1783373906,
        "narHash": "sha256-PPooXg6H/MbFdquSz9okE2Jbqrhglk8/GoeeUskIyCc=",
        "ref": "canon",
        "rev": "ff8db41cdc01b72f2614c2b2c60ffe3cae5449c6",
        "shallow": true,
        "type": "git",
        "url": "https://git.snix.dev/snix/snix"
      },
      "original": {
        "ref": "canon",
        "shallow": true,
        "type": "git",
        "url": "https://git.snix.dev/snix/snix"
      }
    },
    "tests": {
      "flake": false,
      "locked": {
        "path": "./tests",
        "type": "path"
      },
      "original": {
        "path": "./tests",
        "type": "path"
      },
      "parent": []
    },
    "uv2nix": {
      "inputs": {
        "nixpkgs": [
          "hermes-agent",
          "pyproject-build-systems",
          "nixpkgs"
        ],
        "pyproject-nix": [
          "hermes-agent",
          "pyproject-build-systems",
          "pyproject-nix"
        ]
      },
      "locked": {
        "lastModified": 1770770348,
        "narHash": "sha256-A2GzkmzdYvdgmMEu5yxW+xhossP+txrYb7RuzRaqhlg=",
        "owner": "pyproject-nix",
        "repo": "uv2nix",
        "rev": "5d1b2cb4fe3158043fbafbbe2e46238abbc954b0",
        "type": "github"
      },
      "original": {
        "owner": "pyproject-nix",
        "repo": "uv2nix",
        "type": "github"
      }
    },
    "uv2nix_2": {
      "inputs": {
        "nixpkgs": [
          "hermes-agent",
          "nixpkgs"
        ],
        "pyproject-nix": "pyproject-nix_3"
      },
      "locked": {
        "lastModified": 1773039484,
        "narHash": "sha256-+boo33KYkJDw9KItpeEXXv8+65f7hHv/earxpcyzQ0I=",
        "owner": "pyproject-nix",
        "repo": "uv2nix",
        "rev": "b68be7cfeacbed9a3fa38a2b5adc0cfb81d9bb1f",
        "type": "github"
      },
      "original": {
        "owner": "pyproject-nix",
        "repo": "uv2nix",
        "type": "github"
      }
    },
    "zed-src": {
      "inputs": {
        "crane": "crane",
        "flake-parts": "flake-parts_2",
        "nixpkgs": "nixpkgs_2",
        "rust-overlay": "rust-overlay_2"
      },
      "locked": {
        "lastModified": 1783845838,
        "narHash": "sha256-KEHzrBRiB5CQ/qsy2MWMZxgV4MF0FqsQO/iUmqyi+/8=",
        "owner": "indexable-inc",
        "repo": "zed",
        "rev": "78f14e412e4197a799e4232963e1be0226b811ac",
        "type": "github"
      },
      "original": {
        "owner": "indexable-inc",
        "ref": "ix-patched",
        "repo": "zed",
        "type": "github"
      }
    },
    "zed-upstream": {
      "flake": false,
      "locked": {
        "lastModified": 1783672332,
        "narHash": "sha256-W5VPTB+3nlF3vXJuibyZIQmqQDDkHUCd8Kg9EyzoGSc=",
        "owner": "zed-industries",
        "repo": "zed",
        "rev": "adc60ccf12e199b8828bad3abb2591e147034734",
        "type": "github"
      },
      "original": {
        "owner": "zed-industries",
        "ref": "v1.10.x",
        "repo": "zed",
        "type": "github"
      }
    }
  },
  "root": "root",
  "version": 7
}
