# This file is automatically @generated by Cargo.
# It is not intended for manual editing.
version = 4

[[package]]
name = "prebuilt-chain-consumer"
version = "0.1.0"
dependencies = [
 "prebuilt-mid",
]

[[package]]
name = "prebuilt-consumer"
version = "0.1.0"
dependencies = [
 "prebuilt-lib",
]

[[package]]
name = "prebuilt-lib"
version = "0.1.0"

[[package]]
name = "prebuilt-mid"
version = "0.1.0"
dependencies = [
 "prebuilt-lib",
]
