# This file is automatically @generated by Cargo.
# It is not intended for manual editing.
version = 4

[[package]]
name = "cargo-unit-dylib-engine"
version = "0.1.0"

[[package]]
name = "cargo-unit-dylib-host"
version = "0.1.0"
dependencies = [
 "cargo-unit-dylib-engine",
]

[[package]]
name = "cargo-unit-dylib-module"
version = "0.1.0"
dependencies = [
 "cargo-unit-dylib-engine",
]
