# This file is automatically @generated by Cargo.
# It is not intended for manual editing.
#
# Hand-maintained to pin the `ix-sdk-wire` dependency closure (snafu + strum and
# their transitive deps) to the EXACT versions/sources indexable-inc/ix resolves
# them to. cargo-unit folds each external dep's package identity (its `source`
# string, including the snafu git rev and the registry checksums) into the unit
# hash, so any divergence from ix's lock would change the generated
# `ix-sdk-wire` unit key and break the prebuilt injection (#724 C1 assert).
version = 4

[[package]]
name = "heck"
version = "0.5.0"
source = "registry+https://github.com/rust-lang/crates.io-index"
checksum = "2304e00983f87ffb38b55b444b5e3b60a884b5d30c0fca7d82fe33449bbe55ea"

[[package]]
name = "ix-sdk"
version = "0.1.0"
dependencies = [
 "ix-sdk-wire",
]

[[package]]
name = "ix-sdk-wire"
version = "0.1.0"
dependencies = [
 "snafu",
 "strum",
]

[[package]]
name = "proc-macro2"
version = "1.0.106"
source = "registry+https://github.com/rust-lang/crates.io-index"
checksum = "8fd00f0bb2e90d81d1044c2b32617f68fcb9fa3bb7640c23e9c748e53fb30934"
dependencies = [
 "unicode-ident",
]

[[package]]
name = "quote"
version = "1.0.45"
source = "registry+https://github.com/rust-lang/crates.io-index"
checksum = "41f2619966050689382d2b44f664f4bc593e129785a36d6ee376ddf37259b924"
dependencies = [
 "proc-macro2",
]

[[package]]
name = "snafu"
version = "0.9.1"
source = "git+https://github.com/shepmaster/snafu.git#ff50133848f39de1b1fd40c74daa9d781fdda544"
dependencies = [
 "snafu-derive",
]

[[package]]
name = "snafu-derive"
version = "0.9.1"
source = "git+https://github.com/shepmaster/snafu.git#ff50133848f39de1b1fd40c74daa9d781fdda544"
dependencies = [
 "heck",
 "proc-macro2",
 "quote",
 "syn",
]

[[package]]
name = "strum"
version = "0.28.0"
source = "registry+https://github.com/rust-lang/crates.io-index"
checksum = "9628de9b8791db39ceda2b119bbe13134770b56c138ec1d3af810d045c04f9bd"
dependencies = [
 "strum_macros",
]

[[package]]
name = "strum_macros"
version = "0.28.0"
source = "registry+https://github.com/rust-lang/crates.io-index"
checksum = "ab85eea0270ee17587ed4156089e10b9e6880ee688791d45a905f5b1ca36f664"
dependencies = [
 "heck",
 "proc-macro2",
 "quote",
 "syn",
]

[[package]]
name = "syn"
version = "2.0.117"
source = "registry+https://github.com/rust-lang/crates.io-index"
checksum = "e665b8803e7b1d2a727f4023456bbbbe74da67099c585258af0ad9c5013b9b99"
dependencies = [
 "proc-macro2",
 "quote",
 "unicode-ident",
]

[[package]]
name = "unicode-ident"
version = "1.0.24"
source = "registry+https://github.com/rust-lang/crates.io-index"
checksum = "e6e4313cd5fcd3dad5cafa179702e2b244f760991f45397d14d4ebf38247da75"
