name: Update flake.lock

on:
  # Reusable: ix (and any other indexable-inc repo) calls this same job via
  # `uses: indexable-inc/index/.github/workflows/update-flake-lock.yml@main`
  # so the flake-bump mechanics live in one place. The caller supplies the
  # self-hosted runner label, schedule, and contents/PR permissions. A caller
  # can scope `flake-inputs` when only selected locks should move (ix updates
  # `index`).
  workflow_call:
    inputs:
      flake-inputs:
        description: "Space-separated flake inputs to update; empty updates all."
        type: string
        default: ""
      app-client-id:
        description: "Client id of a GitHub App (contents + pull-requests write) that authors the bump PR; empty falls back to GITHUB_TOKEN, whose PRs never get pull_request CI on private repos."
        type: string
        default: ""
      runner-label:
        description: Unique self-hosted runner label provisioned by the caller
        type: string
        required: true
      nix-preinstalled:
        description: Whether the selected runner already provides Nix
        type: boolean
        required: true
      escalate-after-hours:
        description: "Hours the rolling bump PR may stay failing before the escalate job alerts; see the escalate job below."
        type: number
        default: 6
      slack-channel:
        description: "Slack channel id for escalation posts; used only when slack-bot-token is provided."
        type: string
        default: "C0A4TD9G7HR"
    secrets:
      app-private-key:
        description: "Private key for app-client-id."
        required: false
      workflow-owner-read-token:
        description: "Read token for a private cross-repository workflow owner; public owners and same-repository calls need none."
        required: false
      slack-bot-token:
        description: "Slack bot token (chat:write) for escalation posts; empty escalates through the tracking issue only."
        required: false
permissions:
  contents: read

concurrency:
  group: update-flake-lock-${{ github.repository }}
  cancel-in-progress: false

jobs:
  update-flake-lock:
    # ix JIT runners advertise only their per-job identity label. GitHub
    # requires every requested label, so adding `self-hosted` would strand
    # these jobs in the queue.
    runs-on: ${{ inputs.runner-label }}
    timeout-minutes: 15
    permissions:
      contents: write
      pull-requests: write
    steps:
      # Fetch into a new private directory, with every inherited Git config
      # source disabled, before replacing the workspace contents. The exact
      # owner keeps the called implementation independent of caller state.
      - name: Materialize exact workflow owner
        shell: bash
        env:
          CHECKOUT_TOKEN: ${{ secrets.workflow-owner-read-token || github.token }}
          WORKFLOW_REPOSITORY: ${{ job.workflow_repository }}
          WORKFLOW_SHA: ${{ job.workflow_sha }}
        run: |
          set -euo pipefail
          if [[ ! "$WORKFLOW_REPOSITORY" =~ ^[A-Za-z0-9_.-]+/[A-Za-z0-9_.-]+$ ]]; then
            echo "::error title=update-flake-lock::invalid workflow owner repository"
            exit 65
          fi
          if [[ ! "$WORKFLOW_SHA" =~ ^[0-9a-f]{40}$ ]]; then
            echo "::error title=update-flake-lock::invalid workflow owner revision"
            exit 65
          fi

          umask 077
          owner_root="$(mktemp -d -- "$RUNNER_TEMP/update-flake-owner.XXXXXX")"
          trap 'rm -rf -- "$owner_root"' EXIT
          chmod 700 "$owner_root"
          if [[ ! -d "$owner_root" || -L "$owner_root" || "$(stat -c '%a' "$owner_root")" != 700 ]]; then
            echo "::error title=update-flake-lock::workflow owner temporary directory is not private"
            exit 1
          fi
          owner_repo="$owner_root/repository"
          mkdir -- "$owner_repo"
          owner_auth="$owner_root/git-auth"
          : > "$owner_auth"
          chmod 600 "$owner_auth"

          export GIT_CONFIG_NOSYSTEM=1
          export GIT_CONFIG_GLOBAL="$owner_auth"
          export GIT_CONFIG_COUNT=0
          trusted_git() {
            git -c core.hooksPath=/dev/null -c core.fsmonitor=false "$@"
          }
          trusted_git init -q --template= "$owner_repo"
          trusted_git -C "$owner_repo" remote add origin \
            "${GITHUB_SERVER_URL%/}/${WORKFLOW_REPOSITORY}.git"
          checkout_token="$CHECKOUT_TOKEN"
          unset CHECKOUT_TOKEN
          credential="$(printf 'x-access-token:%s' "$checkout_token" | base64 | tr -d '\n')"
          unset checkout_token
          echo "::add-mask::$credential"
          if [[ ! "$GITHUB_SERVER_URL" =~ ^https://[A-Za-z0-9.-]+(:[0-9]+)?$ ]]; then
            echo "::error title=update-flake-lock::invalid GitHub server URL"
            exit 65
          fi
          {
            printf '[http "%s/"]\n' "${GITHUB_SERVER_URL%/}"
            printf '\textraheader = AUTHORIZATION: basic %s\n' "$credential"
          } > "$owner_auth"
          if ! trusted_git -C "$owner_repo" fetch --no-tags --depth 1 origin \
            "+$WORKFLOW_SHA:refs/remotes/origin/workflow-owner"; then
            echo "::error title=update-flake-lock::exact workflow owner fetch failed; private cross-repository owners must pass workflow-owner-read-token"
            exit 1
          fi
          : > "$owner_auth"
          unset CHECKOUT_TOKEN checkout_token credential
          trusted_git -C "$owner_repo" checkout -q --detach refs/remotes/origin/workflow-owner
          if [[ "$(trusted_git -C "$owner_repo" rev-parse HEAD)" != "$WORKFLOW_SHA" ]]; then
            echo "::error title=update-flake-lock::workflow owner revision mismatch"
            exit 1
          fi
          if [[ -n "$(trusted_git -C "$owner_repo" status --porcelain=v1 --untracked-files=all)" ]]; then
            echo "::error title=update-flake-lock::workflow owner checkout is not clean"
            exit 1
          fi

          reset_script="$owner_repo/.github/scripts/update-flake-reset-workspace.sh"
          if [[ ! -f "$reset_script" || -L "$reset_script" ]]; then
            echo "::error title=update-flake-lock::workflow owner workspace reset helper is not a regular file"
            exit 1
          fi
          bash "$reset_script"
          cp -R -- "$owner_repo"/. "$GITHUB_WORKSPACE"/
          if [[ "$(trusted_git -C "$GITHUB_WORKSPACE" rev-parse HEAD)" != "$WORKFLOW_SHA" ]] ||
             [[ -n "$(trusted_git -C "$GITHUB_WORKSPACE" status --porcelain=v1 --untracked-files=all)" ]]; then
            echo "::error title=update-flake-lock::copied workflow owner failed attestation"
            exit 1
          fi

      # The caller checkout below replaces GITHUB_WORKSPACE. Preserve only the
      # exact-revision actions needed afterward in the job-private temp dir.
      - name: Stage workflow-owner actions
        shell: bash
        run: |
          set -euo pipefail
          umask 077
          staged="$(mktemp -d -- "$RUNNER_TEMP/update-flake-actions.XXXXXX")"
          chmod 700 "$staged"
          if [[ ! -d "$staged" || -L "$staged" || "$(stat -c '%a' "$staged")" != 700 ]]; then
            echo "::error title=update-flake-lock::staged action directory is not private"
            exit 1
          fi
          for action in install-nix bootstrap-patched-nix update-flake-checkout-auth; do
            source=".github/actions/$action"
            if [[ ! -d "$source" || -L "$source" || ! -f "$source/action.yml" || -L "$source/action.yml" ]]; then
              echo "::error title=update-flake-lock::workflow owner action path is not a regular directory: $action"
              exit 1
            fi
            cp -R -- "$source" "$staged/$action"
          done
          reset_source=".github/scripts/update-flake-reset-workspace.sh"
          if [[ ! -f "$reset_source" || -L "$reset_source" ]]; then
            echo "::error title=update-flake-lock::workspace reset helper is not a regular file"
            exit 1
          fi
          cp -- "$reset_source" "$staged/reset-workspace.sh"
          printf 'UPDATE_FLAKE_ACTIONS=%s\n' "$staged" >> "$GITHUB_ENV"

      # Mint before checkout so one identity reads the private repository,
      # updates its branch, and opens the PR. The fallback is the job token.
      - name: Mint PR token
        id: app-token
        if: ${{ inputs.app-client-id != '' }}
        uses: actions/create-github-app-token@bcd2ba49218906704ab6c1aa796996da409d3eb1 # v3.2.0
        with:
          client-id: ${{ inputs.app-client-id }}
          private-key: ${{ secrets.app-private-key }}
          owner: ${{ github.repository_owner }}
          repositories: ${{ github.event.repository.name }}
          permission-contents: write
          permission-pull-requests: write

      # Remove the exact-owner checkout and any content a persistent runner
      # left behind, while preserving the DynamicUser workspace path itself.
      - name: Reset caller workspace
        shell: bash
        run: bash "$UPDATE_FLAKE_ACTIONS/reset-workspace.sh"

      - name: Prepare alias-safe checkout authentication
        id: checkout-auth
        shell: bash
        env:
          CHECKOUT_TOKEN: ${{ steps.app-token.outputs.token || github.token }}
        run: bash "$UPDATE_FLAKE_ACTIONS/update-flake-checkout-auth/run.sh" prepare

      - name: Checkout repository
        uses: actions/checkout@9c091bb21b7c1c1d1991bb908d89e4e9dddfe3e0 # v7.0.0
        with:
          persist-credentials: false
          token: ${{ steps.app-token.outputs.token || github.token }}

      # Scrub the private global auth file and command-scoped isolation slots
      # before any updater-controlled process can inherit them.
      - name: Remove alias-safe checkout authentication
        if: ${{ always() && steps.checkout-auth.outcome != 'skipped' }}
        shell: bash
        run: bash "$UPDATE_FLAKE_ACTIONS/update-flake-checkout-auth/run.sh" cleanup

      - name: Restore workflow-owner actions
        shell: bash
        run: |
          set -euo pipefail
          if [[ -e .update-flake-workflow-actions || -L .update-flake-workflow-actions ]]; then
            echo "::error title=update-flake-lock::caller repository occupies reserved path .update-flake-workflow-actions"
            exit 1
          fi
          cp -R -- "$UPDATE_FLAKE_ACTIONS" .update-flake-workflow-actions

      - name: Install Determinate Nix
        if: ${{ !inputs.nix-preinstalled }}
        uses: ./.update-flake-workflow-actions/install-nix

      # Underscore digit separators require the patched client in index and in
      # downstream callers such as ix. The action reads its source lock from
      # index and fetches that source independently when the checkout belongs
      # to a caller.
      - name: Bootstrap patched Nix client
        uses: ./.update-flake-workflow-actions/bootstrap-patched-nix

      # create-pull-request commits every untracked path in GITHUB_WORKSPACE.
      # Remove the staged action code before handing ownership to the updater.
      - name: Remove workflow-owner actions
        if: ${{ always() }}
        shell: bash
        run: rm -rf -- .update-flake-workflow-actions

      - name: Update flake.lock
        uses: DeterminateSystems/update-flake-lock@834c491b2ece4de0bbd00d85214bb5e83b4da5c6 # v28
        with:
          base: main
          branch: update-flake-lock
          commit-msg: "flake.lock: update"
          pr-title: "Update Nix flake inputs"
          # Empty for schedule/dispatch on index (all inputs public); a caller
          # scopes this to avoid fetching private inputs it can't auth for.
          inputs: ${{ inputs.flake-inputs }}
          token: ${{ steps.app-token.outputs.token || github.token }}

  # A watcher that only fires on the success path (merge) is silent on
  # sustained failure: ix's `index` pin sat 4 days stale behind red bump PRs
  # with no alert (indexable-inc/ix#7235). This job is the failure-path
  # watcher, running after every bump attempt (`always()`: the bump job
  # failing is itself one of the states to report). Unhealthy states:
  #
  #   - RED PR: the rolling bump PR's latest head has failing checks.
  #   - STUCK PR: the PR has been open past the threshold without merging
  #     (each scheduled branch update resets checks to pending, so an episode can
  #     look pending at every observation; age is the churn-proof signal).
  #   - ORPHANED BUMP: the bump branch is ahead of main with no open PR
  #     (closed unmerged, or PR creation failed).
  #   - BUMP JOB FAILED: the update job itself concluded failure.
  #
  # Episode state lives in one labeled tracking issue (find-or-reopen, as
  # cache-push-watchdog.yml): created at onset, body refreshed each tick,
  # closed with a comment on recovery. Once the episode age crosses
  # `escalate-after-hours` it escalates ONCE: a threshold comment on the
  # issue plus a Slack post (when the caller supplies slack-bot-token),
  # recorded as a body marker so later ticks do not re-fire. Watcher-internal
  # failures (API errors) exit loudly without claiming health or closing the
  # issue. The update-failure reporter deliberately has no checkout, Nix, or
  # bootstrap dependency: a broken bootstrap must still report itself. Callers
  # must grant `issues: write` on the calling job.
  escalate:
    needs: update-flake-lock
    if: ${{ always() }}
    runs-on: ${{ inputs.runner-label }}
    timeout-minutes: 5
    permissions:
      checks: read
      contents: read
      issues: write
      pull-requests: read
      statuses: read
    steps:
      - name: Track flake update health
        uses: actions/github-script@3a2844b7e9c422d3c10d287c895573f7108da1b3 # v9.0.0
        env:
          ESCALATE_AFTER_HOURS: ${{ inputs.escalate-after-hours }}
          SLACK_BOT_TOKEN: ${{ secrets.slack-bot-token }}
          SLACK_CHANNEL: ${{ inputs.slack-channel }}
          UPDATE_RESULT: ${{ needs.update-flake-lock.result }}
        with:
          github-token: ${{ github.token }}
          script: |
            const result = process.env.UPDATE_RESULT;
            if (!['success', 'failure', 'cancelled', 'skipped'].includes(result)) {
              throw new Error(`unexpected update job result: ${result}`);
            }

            const thresholdHours = Number(process.env.ESCALATE_AFTER_HOURS);
            if (!Number.isFinite(thresholdHours) || thresholdHours < 0) {
              throw new Error('invalid escalation threshold');
            }
            const { owner, repo } = context.repo;
            const bumpBranch = 'update-flake-lock';
            const label = 'flake-bump-stuck';
            const issueTitle = 'update-flake-lock: rolling bump PR is stuck';
            const now = new Date();
            const nowIso = now.toISOString().replace(/\.\d{3}Z$/, 'Z');
            const runUrl = `https://github.com/${owner}/${repo}/actions/runs/${context.runId}`;
            const slackToken = process.env.SLACK_BOT_TOKEN || '';
            delete process.env.SLACK_BOT_TOKEN;
            const reasons = [];

            const postSlack = async text => {
              const response = await fetch('https://slack.com/api/chat.postMessage', {
                method: 'POST',
                redirect: 'error',
                headers: {
                  Authorization: `Bearer ${slackToken}`,
                  'Content-Type': 'application/json; charset=utf-8',
                },
                body: JSON.stringify({ channel: process.env.SLACK_CHANNEL, text }),
              });
              const payload = await response.json();
              if (!response.ok || payload.ok !== true) {
                throw new Error(payload.error || `HTTP ${response.status}`);
              }
            };

            if (result !== 'success') {
              reasons.push(`- **Bump job did not succeed**: \`update-flake-lock\` concluded \`${result}\` in run [${context.runId}](${runUrl}).`);
            }

            const pulls = await github.paginate(github.rest.pulls.list, {
              owner,
              repo,
              head: `${owner}:${bumpBranch}`,
              base: 'main',
              state: 'open',
              per_page: 100,
            });
            const pr = pulls[0] || null;
            const failingChecks = [];
            let pendingCount = 0;
            let prAgeMs = 0;
            let branchSha = '';

            if (pr) {
              branchSha = pr.head.sha;
              prAgeMs = Math.max(0, now.getTime() - Date.parse(pr.created_at));
              const checkRuns = await github.paginate(
                github.rest.checks.listForRef,
                { owner, repo, ref: pr.head.sha, per_page: 100 },
              );
              const statuses = await github.paginate(
                github.rest.repos.listCommitStatusesForRef,
                { owner, repo, ref: pr.head.sha, per_page: 100 },
              );
              const failed = new Set(['ACTION_REQUIRED', 'CANCELLED', 'ERROR', 'FAILURE', 'STALE', 'STARTUP_FAILURE', 'TIMED_OUT']);
              for (const check of checkRuns) {
                const conclusion = (check.conclusion || '').toUpperCase();
                if (check.status !== 'completed' || !conclusion) {
                  pendingCount += 1;
                } else if (failed.has(conclusion)) {
                  failingChecks.push(check.name);
                }
              }
              const latestStatuses = new Map();
              for (const status of statuses) {
                if (!latestStatuses.has(status.context)) latestStatuses.set(status.context, status);
              }
              for (const status of latestStatuses.values()) {
                const state = (status.state || '').toUpperCase();
                if (state === 'PENDING') {
                  pendingCount += 1;
                } else if (failed.has(state)) {
                  failingChecks.push(status.context);
                }
              }
              if (checkRuns.length + statuses.length === 0) pendingCount = 1;

              const prAgeHours = Math.floor(prAgeMs / 3_600_000);
              const uniqueFailures = [...new Set(failingChecks)].sort();
              failingChecks.splice(0, failingChecks.length, ...uniqueFailures);
              if (failingChecks.length > 0) {
                reasons.push(`- **Red bump PR**: [#${pr.number}](${pr.html_url}) (open ${prAgeHours}h) failing: \`${failingChecks.join(', ')}\`.`);
              } else if (prAgeMs >= thresholdHours * 3_600_000) {
                const state = pendingCount > 0
                  ? 'checks pending on the latest head'
                  : 'checks green but the PR is still unmerged';
                reasons.push(`- **Stuck bump PR**: [#${pr.number}](${pr.html_url}) open ${prAgeHours}h (>= ${thresholdHours}h); ${state}.`);
              }
            } else {
              try {
                const ref = await github.rest.git.getRef({ owner, repo, ref: `heads/${bumpBranch}` });
                branchSha = ref.data.object.sha;
              } catch (error) {
                if (error.status !== 404) throw error;
              }
              if (branchSha) {
                const comparison = await github.rest.repos.compareCommitsWithBasehead({
                  owner,
                  repo,
                  basehead: `main...${branchSha}`,
                });
                if (comparison.data.ahead_by > 0) {
                  reasons.push(`- **Bump without a PR**: \`${bumpBranch}\` is ${comparison.data.ahead_by} commit(s) ahead of main with no open PR (closed unmerged?).`);
                } else {
                  branchSha = '';
                }
              }
            }

            let revRange = '';
            if (pr || branchSha) {
              const readLock = async ref => {
                const response = await github.rest.repos.getContent({
                  owner,
                  repo,
                  path: 'flake.lock',
                  ref,
                });
                if (Array.isArray(response.data) || !response.data.content) {
                  throw new Error(`flake.lock at ${ref} is not a file`);
                }
                return JSON.parse(Buffer.from(response.data.content, 'base64').toString('utf8'));
              };
              const [baseLock, bumpLock] = await Promise.all([
                readLock('main'),
                readLock(branchSha || pr.head.sha),
              ]);
              const baseInputs = baseLock.nodes?.[baseLock.root]?.inputs || {};
              const bumpInputs = bumpLock.nodes?.[bumpLock.root]?.inputs || {};
              const revisions = [];
              for (const [name, bumpKey] of Object.entries(bumpInputs)) {
                if (typeof bumpKey !== 'string') continue;
                const baseKey = baseInputs[name];
                const oldRev = typeof baseKey === 'string' ? (baseLock.nodes?.[baseKey]?.locked?.rev || 'absent') : 'absent';
                const newRev = bumpLock.nodes?.[bumpKey]?.locked?.rev || 'absent';
                if (oldRev !== newRev) revisions.push(`${name} ${oldRev.slice(0, 11)} -> ${newRev.slice(0, 11)}`);
              }
              revRange = revisions.join(', ');
            }

            try {
              await github.rest.issues.updateLabel({
                owner,
                repo,
                name: label,
                new_name: label,
                color: 'D93F0B',
                description: 'rolling flake bump failing past its escalation threshold',
              });
            } catch (error) {
              if (error.status !== 404) throw error;
              try {
                await github.rest.issues.createLabel({
                  owner,
                  repo,
                  name: label,
                  color: 'D93F0B',
                  description: 'rolling flake bump failing past its escalation threshold',
                });
              } catch (createError) {
                if (createError.status !== 422) throw createError;
              }
            }

            const issues = await github.paginate(github.rest.issues.listForRepo, {
              owner,
              repo,
              labels: label,
              state: 'all',
              per_page: 100,
            });
            let issue = issues.find(candidate => !candidate.pull_request);
            const priorBody = issue?.state === 'open' ? (issue.body || '') : '';
            const healthy = reasons.length === 0 && (!pr || (failingChecks.length === 0 && pendingCount === 0));
            if (healthy) {
              core.notice(`flake bump healthy (bump job ${result}, no stuck PR, branch clean)`);
              if (issue?.state === 'open') {
                if (priorBody.includes('<!-- slack-escalated:') && slackToken) {
                  try {
                    await postSlack(`flake bump recovered in ${owner}/${repo}; closing <${issue.html_url}|the tracking issue>.`);
                  } catch (error) {
                    core.warning(`Slack recovery note failed: ${error.message}`);
                  }
                }
                await github.rest.issues.createComment({
                  owner,
                  repo,
                  issue_number: issue.number,
                  body: `Resolved: flake bump healthy at \`${nowIso}\` (run ${context.runId}). Closing.`,
                });
                await github.rest.issues.update({
                  owner,
                  repo,
                  issue_number: issue.number,
                  state: 'closed',
                });
              }
              return;
            }
            if (reasons.length === 0 && issue?.state !== 'open') {
              core.notice(`bump PR checks pending and below the ${thresholdHours}h threshold; nothing to escalate yet`);
              return;
            }
            if (reasons.length === 0) {
              reasons.push(`- **Episode continuing**: bump PR [#${pr.number}](${pr.html_url}) checks pending on the latest head.`);
            }

            const firstMatch = priorBody.match(/<!-- first-detected: ([0-9TZ:-]+) -->/);
            const escalatedMatch = priorBody.match(/<!-- slack-escalated: ([0-9TZ:-]+) -->/);
            let firstDetected = firstMatch?.[1] || nowIso;
            let firstEpoch = Date.parse(firstDetected);
            if (!Number.isFinite(firstEpoch)) {
              firstDetected = nowIso;
              firstEpoch = now.getTime();
            }
            let escalatedAt = escalatedMatch?.[1] || '';
            if (pr && prAgeMs > now.getTime() - firstEpoch) {
              firstEpoch = now.getTime() - prAgeMs;
              firstDetected = new Date(firstEpoch).toISOString().replace(/\.\d{3}Z$/, 'Z');
            }
            const failingForMs = Math.max(0, now.getTime() - firstEpoch);
            const failingForHours = Math.floor(failingForMs / 3_600_000);

            const renderBody = () => [
              '<!-- update-flake-lock-escalation -->',
              `<!-- first-detected: ${firstDetected} -->`,
              ...(escalatedAt ? [`<!-- slack-escalated: ${escalatedAt} -->`] : []),
              '## Rolling flake bump is stuck',
              '',
              `Failing since \`${firstDetected}\` (${failingForHours}h; escalation threshold ${thresholdHours}h). Last checked \`${nowIso}\` by run [${context.runId}](${runUrl}).`,
              '',
              reasons.join('\n'),
              '',
              ...(revRange ? [`Input revisions waiting to land: \`${revRange}\``, ''] : []),
              'Maintained by the failure-independent watcher in the reusable update-flake-lock workflow (indexable-inc/index); refreshed each run and closed automatically after recovery. Motivating incident: indexable-inc/ix#7235.',
              '',
              '_Made with Claude Opus 4.5._',
            ].join('\n');

            if (!issue) {
              const created = await github.rest.issues.create({
                owner,
                repo,
                title: issueTitle,
                labels: [label],
                body: renderBody(),
              });
              issue = created.data;
            } else {
              const updated = await github.rest.issues.update({
                owner,
                repo,
                issue_number: issue.number,
                state: 'open',
                body: renderBody(),
              });
              issue = updated.data;
            }

            const shouldEscalate = failingForMs >= thresholdHours * 3_600_000 && !escalatedAt;
            if (shouldEscalate) {
              await github.rest.issues.createComment({
                owner,
                repo,
                issue_number: issue.number,
                body: `Failing for ${failingForHours}h, past the ${thresholdHours}h threshold: escalating.`,
              });

              let slackOk = true;
              if (slackToken) {
                let slackText = `flake bump stuck in ${owner}/${repo}: failing for ${failingForHours}h (threshold ${thresholdHours}h).`;
                if (pr && failingChecks.length > 0) {
                  slackText += ` <${pr.html_url}|#${pr.number}> failing: \`${failingChecks.join(', ')}\`.`;
                } else if (pr) {
                  slackText += ` <${pr.html_url}|#${pr.number}> unmerged.`;
                }
                if (revRange) slackText += ` Waiting revs: \`${revRange}\`.`;
                slackText += ` Tracking: <${issue.html_url}|#${issue.number}>.`;
                try {
                  await postSlack(slackText);
                } catch (error) {
                  core.warning(`Slack escalation failed: ${error.message}`);
                  slackOk = false;
                }
              } else {
                core.notice('no slack-bot-token configured; escalated through the tracking issue only');
              }
              if (slackOk) {
                escalatedAt = nowIso;
                await github.rest.issues.update({
                  owner,
                  repo,
                  issue_number: issue.number,
                  body: renderBody(),
                });
              }
            }

            core.setFailed(`flake bump unhealthy for ${failingForHours}h; see ${issue.html_url}`);
